
Microsoft Visual Studio Solution File, Format Version 12.00
# Visual Studio Version 16
VisualStudioVersion = 16.0.31624.102
MinimumVisualStudioVersion = 10.0.40219.1
Project("{FAE04EC0-301F-11D3-BF4B-00C04F79EFBC}") = "ItOil", "ItOil.csproj", "{8565A6A4-1132-4D25-A9E2-300051B52D00}"
EndProject
Global
	GlobalSection(SolutionConfigurationPlatforms) = preSolution
		Debug|Any CPU = Debug|Any CPU
		Release|Any CPU = Release|Any CPU
	EndGlobalSection
	GlobalSection(ProjectConfigurationPlatforms) = postSolution
		{8565A6A4-1132-4D25-A9E2-300051B52D00}.Debug|Any CPU.ActiveCfg = Debug|Any CPU
		{8565A6A4-1132-4D25-A9E2-300051B52D00}.Debug|Any CPU.Build.0 = Debug|Any CPU
		{8565A6A4-1132-4D25-A9E2-300051B52D00}.Release|Any CPU.ActiveCfg = Release|Any CPU
		{8565A6A4-1132-4D25-A9E2-300051B52D00}.Release|Any CPU.Build.0 = Release|Any CPU
	EndGlobalSection
	GlobalSection(SolutionProperties) = preSolution
		HideSolutionNode = FALSE
	EndGlobalSection
	GlobalSection(ExtensibilityGlobals) = postSolution
		SolutionGuid = {4F07C03D-0CB5-4751-B006-930BB7B8356B}
	EndGlobalSection
EndGlobal
